
Microsoft Visual Studio Solution File, Format Version 12.00
# Visual Studio Version 17
VisualStudioVersion = 17.2.32317.152
MinimumVisualStudioVersion = 10.0.40219.1
Project("{9A19103F-16F7-4668-BE54-9A1E7A4F7556}") = "PartyInvites", "PartyInvites\PartyInvites.csproj", "{9F34D2E4-AA4D-49E5-B1BF-69D9D3B52004}"
EndProject
Global
	GlobalSection(SolutionConfigurationPlatforms) = preSolution
		Debug|Any CPU = Debug|Any CPU
		Release|Any CPU = Release|Any CPU
	EndGlobalSection
	GlobalSection(ProjectConfigurationPlatforms) = postSolution
		{9F34D2E4-AA4D-49E5-B1BF-69D9D3B52004}.Debug|Any CPU.ActiveCfg = Debug|Any CPU
		{9F34D2E4-AA4D-49E5-B1BF-69D9D3B52004}.Debug|Any CPU.Build.0 = Debug|Any CPU
		{9F34D2E4-AA4D-49E5-B1BF-69D9D3B52004}.Release|Any CPU.ActiveCfg = Release|Any CPU
		{9F34D2E4-AA4D-49E5-B1BF-69D9D3B52004}.Release|Any CPU.Build.0 = Release|Any CPU
	EndGlobalSection
	GlobalSection(SolutionProperties) = preSolution
		HideSolutionNode = FALSE
	EndGlobalSection
	GlobalSection(ExtensibilityGlobals) = postSolution
		SolutionGuid = {F9C0857B-E855-41F7-9CE3-99D741C07326}
	EndGlobalSection
EndGlobal
